PODS:
  - PhoneNumberKit (2.1.0):
    - PhoneNumberKit/PhoneNumberKitCore (= 2.1.0)
    - PhoneNumberKit/UIKit (= 2.1.0)
  - PhoneNumberKit/PhoneNumberKitCore (2.1.0)
  - PhoneNumberKit/UIKit (2.1.0):
    - PhoneNumberKit/PhoneNumberKitCore

DEPENDENCIES:
  - PhoneNumberKit (~> 2.1)

SPEC REPOS:
  https://github.com/cocoapods/specs.git:
    - PhoneNumberKit

SPEC CHECKSUMS:
  PhoneNumberKit: 62003f40ff75315fd3738286558bc365365ac222

PODFILE CHECKSUM: 4f5bf7b5a5ed2bf406d55d013e41879115d36d56

COCOAPODS: 1.5.3
